{
  "object": {
    "pins": [
      {
        "package": "Runestone",
        "repositoryURL": "https://github.com/simonbs/Runestone",
        "state": {
          "branch": null,
          "revision": "85c308b679600c7bfb4961f28faa6ae82146355d",
          "version": "0.4.1"
        }
      },
      {
        "package": "TreeSitter",
        "repositoryURL": "https://github.com/tree-sitter/tree-sitter",
        "state": {
          "branch": null,
          "revision": "98be227227af10cc7a269cb3ffb23686c0610b17",
          "version": "0.20.9"
        }
      }
    ]
  },
  "version": 1
}
